
Microsoft Visual Studio Solution File, Format Version 12.00
Project("{FAE04EC0-301F-11D3-BF4B-00C04F79EFBC}") = "WinFormsApp1", "WinFormsApp1\WinFormsApp1.csproj", "{BE4E22A3-CD25-40B3-8FB3-B60B54E49CA7}"
EndProject
Global
	GlobalSection(SolutionConfigurationPlatforms) = preSolution
		Debug|Any CPU = Debug|Any CPU
		Release|Any CPU = Release|Any CPU
	EndGlobalSection
	GlobalSection(ProjectConfigurationPlatforms) = postSolution
		{BE4E22A3-CD25-40B3-8FB3-B60B54E49CA7}.Debug|Any CPU.ActiveCfg = Debug|Any CPU
		{BE4E22A3-CD25-40B3-8FB3-B60B54E49CA7}.Debug|Any CPU.Build.0 = Debug|Any CPU
		{BE4E22A3-CD25-40B3-8FB3-B60B54E49CA7}.Release|Any CPU.ActiveCfg = Release|Any CPU
		{BE4E22A3-CD25-40B3-8FB3-B60B54E49CA7}.Release|Any CPU.Build.0 = Release|Any CPU
	EndGlobalSection
EndGlobal
